
Microsoft Visual Studio Solution File, Format Version 12.00
# Visual Studio 15
VisualStudioVersion = 15.0.28307.329
MinimumVisualStudioVersion = 10.0.40219.1
Project("{FAE04EC0-301F-11D3-BF4B-00C04F79EFBC}") = "Program3", "Program3\Program3.csproj", "{8ABC30E8-93DF-4390-AD95-5FF20D2F6F6C}"
EndProject
Global
	GlobalSection(SolutionConfigurationPlatforms) = preSolution
		Debug|Any CPU = Debug|Any CPU
		Release|Any CPU = Release|Any CPU
	EndGlobalSection
	GlobalSection(ProjectConfigurationPlatforms) = postSolution
		{8ABC30E8-93DF-4390-AD95-5FF20D2F6F6C}.Debug|Any CPU.ActiveCfg = Debug|Any CPU
		{8ABC30E8-93DF-4390-AD95-5FF20D2F6F6C}.Debug|Any CPU.Build.0 = Debug|Any CPU
		{8ABC30E8-93DF-4390-AD95-5FF20D2F6F6C}.Release|Any CPU.ActiveCfg = Release|Any CPU
		{8ABC30E8-93DF-4390-AD95-5FF20D2F6F6C}.Release|Any CPU.Build.0 = Release|Any CPU
	EndGlobalSection
	GlobalSection(SolutionProperties) = preSolution
		HideSolutionNode = FALSE
	EndGlobalSection
	GlobalSection(ExtensibilityGlobals) = postSolution
		SolutionGuid = {37F27C11-6E4F-4876-AB96-9134D7BD6771}
	EndGlobalSection
EndGlobal
