
Microsoft Visual Studio Solution File, Format Version 12.00
# Visual Studio Version 16
VisualStudioVersion = 16.0.29215.179
MinimumVisualStudioVersion = 10.0.40219.1
Project("{FAE04EC0-301F-11D3-BF4B-00C04F79EFBC}") = "Program 1A", "Program 1A\Program 1A.csproj", "{FEBFA404-2362-4B20-9DBA-1D5A13BE568E}"
EndProject
Global
	GlobalSection(SolutionConfigurationPlatforms) = preSolution
		Debug|Any CPU = Debug|Any CPU
		Release|Any CPU = Release|Any CPU
	EndGlobalSection
	GlobalSection(ProjectConfigurationPlatforms) = postSolution
		{FEBFA404-2362-4B20-9DBA-1D5A13BE568E}.Debug|Any CPU.ActiveCfg = Debug|Any CPU
		{FEBFA404-2362-4B20-9DBA-1D5A13BE568E}.Debug|Any CPU.Build.0 = Debug|Any CPU
		{FEBFA404-2362-4B20-9DBA-1D5A13BE568E}.Release|Any CPU.ActiveCfg = Release|Any CPU
		{FEBFA404-2362-4B20-9DBA-1D5A13BE568E}.Release|Any CPU.Build.0 = Release|Any CPU
	EndGlobalSection
	GlobalSection(SolutionProperties) = preSolution
		HideSolutionNode = FALSE
	EndGlobalSection
	GlobalSection(ExtensibilityGlobals) = postSolution
		SolutionGuid = {213DD73B-448C-4683-BA67-99146AAC19E9}
	EndGlobalSection
EndGlobal
