
Microsoft Visual Studio Solution File, Format Version 12.00
# Visual Studio 15
VisualStudioVersion = 15.0.28307.329
MinimumVisualStudioVersion = 10.0.40219.1
Project("{FAE04EC0-301F-11D3-BF4B-00C04F79EFBC}") = "Lab9", "Lab9\Lab9.csproj", "{F1F0C47A-1576-40BC-A306-E84774EFE843}"
EndProject
Global
	GlobalSection(SolutionConfigurationPlatforms) = preSolution
		Debug|Any CPU = Debug|Any CPU
		Release|Any CPU = Release|Any CPU
	EndGlobalSection
	GlobalSection(ProjectConfigurationPlatforms) = postSolution
		{F1F0C47A-1576-40BC-A306-E84774EFE843}.Debug|Any CPU.ActiveCfg = Debug|Any CPU
		{F1F0C47A-1576-40BC-A306-E84774EFE843}.Debug|Any CPU.Build.0 = Debug|Any CPU
		{F1F0C47A-1576-40BC-A306-E84774EFE843}.Release|Any CPU.ActiveCfg = Release|Any CPU
		{F1F0C47A-1576-40BC-A306-E84774EFE843}.Release|Any CPU.Build.0 = Release|Any CPU
	EndGlobalSection
	GlobalSection(SolutionProperties) = preSolution
		HideSolutionNode = FALSE
	EndGlobalSection
	GlobalSection(ExtensibilityGlobals) = postSolution
		SolutionGuid = {950C6B2E-9200-4A81-A91F-57BB25995AD6}
	EndGlobalSection
EndGlobal
