
Microsoft Visual Studio Solution File, Format Version 12.00
# Visual Studio Version 16
VisualStudioVersion = 16.0.29215.179
MinimumVisualStudioVersion = 10.0.40219.1
Project("{9A19103F-16F7-4668-BE54-9A1E7A4F7556}") = "Program 0", "Program 0\Program 0.csproj", "{33F76404-0600-4B1C-9301-719F341E2AFF}"
EndProject
Global
	GlobalSection(SolutionConfigurationPlatforms) = preSolution
		Debug|Any CPU = Debug|Any CPU
		Release|Any CPU = Release|Any CPU
	EndGlobalSection
	GlobalSection(ProjectConfigurationPlatforms) = postSolution
		{33F76404-0600-4B1C-9301-719F341E2AFF}.Debug|Any CPU.ActiveCfg = Debug|Any CPU
		{33F76404-0600-4B1C-9301-719F341E2AFF}.Debug|Any CPU.Build.0 = Debug|Any CPU
		{33F76404-0600-4B1C-9301-719F341E2AFF}.Release|Any CPU.ActiveCfg = Release|Any CPU
		{33F76404-0600-4B1C-9301-719F341E2AFF}.Release|Any CPU.Build.0 = Release|Any CPU
	EndGlobalSection
	GlobalSection(SolutionProperties) = preSolution
		HideSolutionNode = FALSE
	EndGlobalSection
	GlobalSection(ExtensibilityGlobals) = postSolution
		SolutionGuid = {0EFA82FD-F19B-48CB-BD02-2FF6B78103C8}
	EndGlobalSection
EndGlobal
