
Microsoft Visual Studio Solution File, Format Version 12.00
# Visual Studio Version 16
VisualStudioVersion = 16.0.29418.71
MinimumVisualStudioVersion = 10.0.40219.1
Project("{FAE04EC0-301F-11D3-BF4B-00C04F79EFBC}") = "SortingDemo", "SortingDemo\SortingDemo.csproj", "{FFCF70F1-4961-4507-86D6-D8D2876F8768}"
EndProject
Global
	GlobalSection(SolutionConfigurationPlatforms) = preSolution
		Debug|Any CPU = Debug|Any CPU
		Release|Any CPU = Release|Any CPU
	EndGlobalSection
	GlobalSection(ProjectConfigurationPlatforms) = postSolution
		{FFCF70F1-4961-4507-86D6-D8D2876F8768}.Debug|Any CPU.ActiveCfg = Debug|Any CPU
		{FFCF70F1-4961-4507-86D6-D8D2876F8768}.Debug|Any CPU.Build.0 = Debug|Any CPU
		{FFCF70F1-4961-4507-86D6-D8D2876F8768}.Release|Any CPU.ActiveCfg = Release|Any CPU
		{FFCF70F1-4961-4507-86D6-D8D2876F8768}.Release|Any CPU.Build.0 = Release|Any CPU
	EndGlobalSection
	GlobalSection(SolutionProperties) = preSolution
		HideSolutionNode = FALSE
	EndGlobalSection
	GlobalSection(ExtensibilityGlobals) = postSolution
		SolutionGuid = {904CAC69-1FF9-4AAA-B674-F47F5CA7BE2C}
	EndGlobalSection
EndGlobal
